
Microsoft Visual Studio Solution File, Format Version 12.00
# Visual Studio Version 18
VisualStudioVersion = 18.4.11612.150 stable
MinimumVisualStudioVersion = 10.0.40219.1
Project("{FAE04EC0-301F-11D3-BF4B-00C04F79EFBC}") = "ServerDilemaDelPrisioner", "ServerDilemaDelPrisioner\ServerDilemaDelPrisioner.csproj", "{59069D9E-7625-FB42-C8A8-6910D817B097}"
EndProject
Project("{FAE04EC0-301F-11D3-BF4B-00C04F79EFBC}") = "ServerDilemaDelPrisioner.Test", "ServerDilemaDelPrisioner.Test\ServerDilemaDelPrisioner.Test.csproj", "{89CD47C4-3C06-4E27-A62F-6E69F0FAC403}"
EndProject
Global
	GlobalSection(SolutionConfigurationPlatforms) = preSolution
		Debug|Any CPU = Debug|Any CPU
		Release|Any CPU = Release|Any CPU
	EndGlobalSection
	GlobalSection(ProjectConfigurationPlatforms) = postSolution
		{59069D9E-7625-FB42-C8A8-6910D817B097}.Debug|Any CPU.ActiveCfg = Debug|Any CPU
		{59069D9E-7625-FB42-C8A8-6910D817B097}.Debug|Any CPU.Build.0 = Debug|Any CPU
		{59069D9E-7625-FB42-C8A8-6910D817B097}.Release|Any CPU.ActiveCfg = Release|Any CPU
		{59069D9E-7625-FB42-C8A8-6910D817B097}.Release|Any CPU.Build.0 = Release|Any CPU
		{89CD47C4-3C06-4E27-A62F-6E69F0FAC403}.Debug|Any CPU.ActiveCfg = Debug|Any CPU
		{89CD47C4-3C06-4E27-A62F-6E69F0FAC403}.Debug|Any CPU.Build.0 = Debug|Any CPU
		{89CD47C4-3C06-4E27-A62F-6E69F0FAC403}.Release|Any CPU.ActiveCfg = Release|Any CPU
		{89CD47C4-3C06-4E27-A62F-6E69F0FAC403}.Release|Any CPU.Build.0 = Release|Any CPU
	EndGlobalSection
	GlobalSection(SolutionProperties) = preSolution
		HideSolutionNode = FALSE
	EndGlobalSection
	GlobalSection(ExtensibilityGlobals) = postSolution
		SolutionGuid = {D9FDC2AF-1C42-4884-843D-C8316735768A}
	EndGlobalSection
EndGlobal
